
Microsoft Visual Studio Solution File, Format Version 12.00
# Visual Studio Version 17
VisualStudioVersion = 17.7.34009.444
MinimumVisualStudioVersion = 10.0.40219.1
Project("{FAE04EC0-301F-11D3-BF4B-00C04F79EFBC}") = "PortfolioBackend", "PortfolioBackend.csproj", "{7F0CB125-A34C-461A-9520-1A23211B654F}"
EndProject
Global
	GlobalSection(SolutionConfigurationPlatforms) = preSolution
		Debug|Any CPU = Debug|Any CPU
		Release|Any CPU = Release|Any CPU
	EndGlobalSection
	GlobalSection(ProjectConfigurationPlatforms) = postSolution
		{7F0CB125-A34C-461A-9520-1A23211B654F}.Debug|Any CPU.ActiveCfg = Debug|Any CPU
		{7F0CB125-A34C-461A-9520-1A23211B654F}.Debug|Any CPU.Build.0 = Debug|Any CPU
		{7F0CB125-A34C-461A-9520-1A23211B654F}.Release|Any CPU.ActiveCfg = Release|Any CPU
		{7F0CB125-A34C-461A-9520-1A23211B654F}.Release|Any CPU.Build.0 = Release|Any CPU
	EndGlobalSection
	GlobalSection(SolutionProperties) = preSolution
		HideSolutionNode = FALSE
	EndGlobalSection
	GlobalSection(ExtensibilityGlobals) = postSolution
		SolutionGuid = {81CF93A9-439E-4AA0-9236-C67A56407585}
	EndGlobalSection
EndGlobal
